
Microsoft Visual Studio Solution File, Format Version 12.00
# Visual Studio 2013
VisualStudioVersion = 12.0.31101.0
MinimumVisualStudioVersion = 10.0.40219.1
Project("{FAE04EC0-301F-11D3-BF4B-00C04F79EFBC}") = "SharpLexer", "SharpLexer\SharpLexer.csproj", "{5138A406-5B76-4D5E-B889-257224E1FB2F}"
EndProject
Project("{FAE04EC0-301F-11D3-BF4B-00C04F79EFBC}") = "UnitTest", "UnitTest\UnitTest.csproj", "{B82AA0AF-05C8-4CD6-9D17-73CD0EFE0251}"
	ProjectSection(ProjectDependencies) = postProject
		{5138A406-5B76-4D5E-B889-257224E1FB2F} = {5138A406-5B76-4D5E-B889-257224E1FB2F}
	EndProjectSection
EndProject
Global
	GlobalSection(SolutionConfigurationPlatforms) = preSolution
		Debug|Any CPU = Debug|Any CPU
		Release|Any CPU = Release|Any CPU
	EndGlobalSection
	GlobalSection(ProjectConfigurationPlatforms) = postSolution
		{5138A406-5B76-4D5E-B889-257224E1FB2F}.Debug|Any CPU.ActiveCfg = Debug|Any CPU
		{5138A406-5B76-4D5E-B889-257224E1FB2F}.Debug|Any CPU.Build.0 = Debug|Any CPU
		{5138A406-5B76-4D5E-B889-257224E1FB2F}.Release|Any CPU.ActiveCfg = Release|Any CPU
		{5138A406-5B76-4D5E-B889-257224E1FB2F}.Release|Any CPU.Build.0 = Release|Any CPU
		{B82AA0AF-05C8-4CD6-9D17-73CD0EFE0251}.Debug|Any CPU.ActiveCfg = Debug|Any CPU
		{B82AA0AF-05C8-4CD6-9D17-73CD0EFE0251}.Debug|Any CPU.Build.0 = Debug|Any CPU
		{B82AA0AF-05C8-4CD6-9D17-73CD0EFE0251}.Release|Any CPU.ActiveCfg = Release|Any CPU
		{B82AA0AF-05C8-4CD6-9D17-73CD0EFE0251}.Release|Any CPU.Build.0 = Release|Any CPU
	EndGlobalSection
	GlobalSection(SolutionProperties) = preSolution
		HideSolutionNode = FALSE
	EndGlobalSection
EndGlobal
